
Microsoft Visual Studio Solution File, Format Version 12.00
# Visual Studio 2012
Project("{FAE04EC0-301F-11D3-BF4B-00C04F79EFBC}") = "WindowsFormsApplication2", "WindowsFormsApplication2\WindowsFormsApplication2.csproj", "{E568BE08-05F8-43E5-B8D4-BF9AC803FA69}"
EndProject
Global
	GlobalSection(SolutionConfigurationPlatforms) = preSolution
		Debug|Any CPU = Debug|Any CPU
		Release|Any CPU = Release|Any CPU
	EndGlobalSection
	GlobalSection(ProjectConfigurationPlatforms) = postSolution
		{E568BE08-05F8-43E5-B8D4-BF9AC803FA69}.Debug|Any CPU.ActiveCfg = Debug|Any CPU
		{E568BE08-05F8-43E5-B8D4-BF9AC803FA69}.Debug|Any CPU.Build.0 = Debug|Any CPU
		{E568BE08-05F8-43E5-B8D4-BF9AC803FA69}.Release|Any CPU.ActiveCfg = Release|Any CPU
		{E568BE08-05F8-43E5-B8D4-BF9AC803FA69}.Release|Any CPU.Build.0 = Release|Any CPU
	EndGlobalSection
	GlobalSection(SolutionProperties) = preSolution
		HideSolutionNode = FALSE
	EndGlobalSection
EndGlobal
