
Microsoft Visual Studio Solution File, Format Version 12.00
# Visual Studio 2012
Project("{FAE04EC0-301F-11D3-BF4B-00C04F79EFBC}") = "wind", "wind\wind.csproj", "{29CAB6AE-D7CD-49CE-A023-1B3FAB95C562}"
EndProject
Global
	GlobalSection(SolutionConfigurationPlatforms) = preSolution
		Debug|Any CPU = Debug|Any CPU
		Release|Any CPU = Release|Any CPU
	EndGlobalSection
	GlobalSection(ProjectConfigurationPlatforms) = postSolution
		{29CAB6AE-D7CD-49CE-A023-1B3FAB95C562}.Debug|Any CPU.ActiveCfg = Debug|Any CPU
		{29CAB6AE-D7CD-49CE-A023-1B3FAB95C562}.Debug|Any CPU.Build.0 = Debug|Any CPU
		{29CAB6AE-D7CD-49CE-A023-1B3FAB95C562}.Release|Any CPU.ActiveCfg = Release|Any CPU
		{29CAB6AE-D7CD-49CE-A023-1B3FAB95C562}.Release|Any CPU.Build.0 = Release|Any CPU
	EndGlobalSection
	GlobalSection(SolutionProperties) = preSolution
		HideSolutionNode = FALSE
	EndGlobalSection
EndGlobal
